
Microsoft Visual Studio Solution File, Format Version 12.00
# Visual Studio Version 17
VisualStudioVersion = 17.2.32505.173
MinimumVisualStudioVersion = 10.0.40219.1
Project("{FAE04EC0-301F-11D3-BF4B-00C04F79EFBC}") = "HockeyOverlay", "HockeyOverlay\HockeyOverlay.csproj", "{105B9F06-0376-4252-8066-A89BD5F3E023}"
EndProject
Global
	GlobalSection(SolutionConfigurationPlatforms) = preSolution
		Debug|Any CPU = Debug|Any CPU
		Release|Any CPU = Release|Any CPU
	EndGlobalSection
	GlobalSection(ProjectConfigurationPlatforms) = postSolution
		{105B9F06-0376-4252-8066-A89BD5F3E023}.Debug|Any CPU.ActiveCfg = Debug|Any CPU
		{105B9F06-0376-4252-8066-A89BD5F3E023}.Debug|Any CPU.Build.0 = Debug|Any CPU
		{105B9F06-0376-4252-8066-A89BD5F3E023}.Release|Any CPU.ActiveCfg = Release|Any CPU
		{105B9F06-0376-4252-8066-A89BD5F3E023}.Release|Any CPU.Build.0 = Release|Any CPU
	EndGlobalSection
	GlobalSection(SolutionProperties) = preSolution
		HideSolutionNode = FALSE
	EndGlobalSection
	GlobalSection(ExtensibilityGlobals) = postSolution
		SolutionGuid = {2F12D844-6B0D-4384-9801-ABEE7A90E82F}
	EndGlobalSection
EndGlobal
